PODS:
  - Cosmos (22.1.0)
  - QuickLayout (3.0.0)
  - RxBiBinding (0.2.5):
    - RxCocoa (~> 5.0)
    - RxSwift (~> 5.0)
  - RxCocoa (5.1.1):
    - RxRelay (~> 5)
    - RxSwift (~> 5)
  - RxRelay (5.1.1):
    - RxSwift (~> 5)
  - RxSwift (5.1.1)
  - SwiftEntryKit (1.2.3):
    - QuickLayout (= 3.0.0)
  - SwiftGifOrigin (1.7.0)
  - SwiftyOnboard (1.3.8)

DEPENDENCIES:
  - Cosmos
  - RxBiBinding
  - RxSwift
  - SwiftEntryKit (= 1.2.3)
  - SwiftGifOrigin (~> 1.7.0)
  - SwiftyOnboard

SPEC REPOS:
  trunk:
    - Cosmos
    - QuickLayout
    - RxBiBinding
    - RxCocoa
    - RxRelay
    - RxSwift
    - SwiftEntryKit
    - SwiftGifOrigin
    - SwiftyOnboard

SPEC CHECKSUMS:
  Cosmos: 2795b36ad4bbea1af3050d6d65576ed63875f86a
  QuickLayout: 07b45a72b10083fee3f095990cfed1c1e7b27f0a
  RxBiBinding: 6cc627d9e0dfa0b2ce8470cd7e539f3cb100f782
  RxCocoa: 32065309a38d29b5b0db858819b5bf9ef038b601
  RxRelay: d77f7d771495f43c556cbc43eebd1bb54d01e8e9
  RxSwift: 81470a2074fa8780320ea5fe4102807cb7118178
  SwiftEntryKit: 340713c2e4a6662c5149629990bf1088bf5f0389
  SwiftGifOrigin: fbd6cf37afcfcf97a5c3db996ddc0492e5c5c145
  SwiftyOnboard: de60e90c2af23dd61b01ec0c6a8d0be3370f857b

PODFILE CHECKSUM: de671c090c1995743b3b572bee1797cac8749dc5

COCOAPODS: 1.9.3
